
Microsoft Visual Studio Solution File, Format Version 12.00
# Visual Studio Version 16
VisualStudioVersion = 16.0.31129.286
MinimumVisualStudioVersion = 10.0.40219.1
Project("{9A19103F-16F7-4668-BE54-9A1E7A4F7556}") = "HaniApi", "HaniApi.csproj", "{8EB39BCB-5C1E-420D-A087-09EDB67DDD02}"
EndProject
Project("{FAE04EC0-301F-11D3-BF4B-00C04F79EFBC}") = "ConsoleAppRabbitMQ", "..\ConsoleAppRabbitMQ\ConsoleAppRabbitMQ.csproj", "{CE67F699-52A4-4511-94D2-42ECD2438A0B}"
EndProject
Global
	GlobalSection(SolutionConfigurationPlatforms) = preSolution
		Debug|Any CPU = Debug|Any CPU
		Release|Any CPU = Release|Any CPU
	EndGlobalSection
	GlobalSection(ProjectConfigurationPlatforms) = postSolution
		{8EB39BCB-5C1E-420D-A087-09EDB67DDD02}.Debug|Any CPU.ActiveCfg = Debug|Any CPU
		{8EB39BCB-5C1E-420D-A087-09EDB67DDD02}.Debug|Any CPU.Build.0 = Debug|Any CPU
		{8EB39BCB-5C1E-420D-A087-09EDB67DDD02}.Release|Any CPU.ActiveCfg = Release|Any CPU
		{8EB39BCB-5C1E-420D-A087-09EDB67DDD02}.Release|Any CPU.Build.0 = Release|Any CPU
		{CE67F699-52A4-4511-94D2-42ECD2438A0B}.Debug|Any CPU.ActiveCfg = Debug|Any CPU
		{CE67F699-52A4-4511-94D2-42ECD2438A0B}.Debug|Any CPU.Build.0 = Debug|Any CPU
		{CE67F699-52A4-4511-94D2-42ECD2438A0B}.Release|Any CPU.ActiveCfg = Release|Any CPU
		{CE67F699-52A4-4511-94D2-42ECD2438A0B}.Release|Any CPU.Build.0 = Release|Any CPU
	EndGlobalSection
	GlobalSection(SolutionProperties) = preSolution
		HideSolutionNode = FALSE
	EndGlobalSection
	GlobalSection(ExtensibilityGlobals) = postSolution
		SolutionGuid = {9AC83FB4-EFE8-4F15-88B6-3AF142D7C32E}
	EndGlobalSection
EndGlobal
